
Microsoft Visual Studio Solution File, Format Version 12.00
# Visual Studio 15
VisualStudioVersion = 15.0.27428.2037
MinimumVisualStudioVersion = 10.0.40219.1
Project("{9A19103F-16F7-4668-BE54-9A1E7A4F7556}") = "CQRS.Core", "CQRS.Core\CQRS.Core.csproj", "{5743F25D-67E8-4AD1-BE95-88A72F987F7F}"
EndProject
Project("{9A19103F-16F7-4668-BE54-9A1E7A4F7556}") = "CQRS.Domain", "CQRS.Domain\CQRS.Domain.csproj", "{8E434170-653E-4980-B2FD-8F6CA959BBB9}"
EndProject
Project("{9A19103F-16F7-4668-BE54-9A1E7A4F7556}") = "ClientService", "ClientService\ClientService.csproj", "{A532FA12-AA7D-4E1B-BBEF-E0DB59592C59}"
EndProject
Project("{E53339B2-1760-4266-BCC7-CA923CBCF16C}") = "docker-compose", "docker-compose.dcproj", "{CB2807B8-6336-4B74-83E8-BFC3A8C33532}"
EndProject
Project("{9A19103F-16F7-4668-BE54-9A1E7A4F7556}") = "ProductService", "ProductService\ProductService.csproj", "{4062E4C7-80A0-49FF-BF5F-596B3E1FA012}"
EndProject
Project("{9A19103F-16F7-4668-BE54-9A1E7A4F7556}") = "ApiGateway", "ApiGateway\ApiGateway.csproj", "{4CC7A7E8-0E01-44A5-94DA-AA7ADF63215E}"
EndProject
Project("{2150E333-8FDC-42A3-9474-1A3956D46DE8}") = "Solution Items", "Solution Items", "{7793D7DB-D49F-47C2-B044-16457B537CDD}"
	ProjectSection(SolutionItems) = preProject
		README.md = README.md
	EndProjectSection
EndProject
Global
	GlobalSection(SolutionConfigurationPlatforms) = preSolution
		Debug|Any CPU = Debug|Any CPU
		Release|Any CPU = Release|Any CPU
	EndGlobalSection
	GlobalSection(ProjectConfigurationPlatforms) = postSolution
		{5743F25D-67E8-4AD1-BE95-88A72F987F7F}.Debug|Any CPU.ActiveCfg = Debug|Any CPU
		{5743F25D-67E8-4AD1-BE95-88A72F987F7F}.Debug|Any CPU.Build.0 = Debug|Any CPU
		{5743F25D-67E8-4AD1-BE95-88A72F987F7F}.Release|Any CPU.ActiveCfg = Release|Any CPU
		{5743F25D-67E8-4AD1-BE95-88A72F987F7F}.Release|Any CPU.Build.0 = Release|Any CPU
		{8E434170-653E-4980-B2FD-8F6CA959BBB9}.Debug|Any CPU.ActiveCfg = Debug|Any CPU
		{8E434170-653E-4980-B2FD-8F6CA959BBB9}.Debug|Any CPU.Build.0 = Debug|Any CPU
		{8E434170-653E-4980-B2FD-8F6CA959BBB9}.Release|Any CPU.ActiveCfg = Release|Any CPU
		{8E434170-653E-4980-B2FD-8F6CA959BBB9}.Release|Any CPU.Build.0 = Release|Any CPU
		{A532FA12-AA7D-4E1B-BBEF-E0DB59592C59}.Debug|Any CPU.ActiveCfg = Debug|Any CPU
		{A532FA12-AA7D-4E1B-BBEF-E0DB59592C59}.Debug|Any CPU.Build.0 = Debug|Any CPU
		{A532FA12-AA7D-4E1B-BBEF-E0DB59592C59}.Release|Any CPU.ActiveCfg = Release|Any CPU
		{A532FA12-AA7D-4E1B-BBEF-E0DB59592C59}.Release|Any CPU.Build.0 = Release|Any CPU
		{CB2807B8-6336-4B74-83E8-BFC3A8C33532}.Debug|Any CPU.ActiveCfg = Debug|Any CPU
		{CB2807B8-6336-4B74-83E8-BFC3A8C33532}.Debug|Any CPU.Build.0 = Debug|Any CPU
		{CB2807B8-6336-4B74-83E8-BFC3A8C33532}.Release|Any CPU.ActiveCfg = Release|Any CPU
		{CB2807B8-6336-4B74-83E8-BFC3A8C33532}.Release|Any CPU.Build.0 = Release|Any CPU
		{4062E4C7-80A0-49FF-BF5F-596B3E1FA012}.Debug|Any CPU.ActiveCfg = Debug|Any CPU
		{4062E4C7-80A0-49FF-BF5F-596B3E1FA012}.Debug|Any CPU.Build.0 = Debug|Any CPU
		{4062E4C7-80A0-49FF-BF5F-596B3E1FA012}.Release|Any CPU.ActiveCfg = Release|Any CPU
		{4062E4C7-80A0-49FF-BF5F-596B3E1FA012}.Release|Any CPU.Build.0 = Release|Any CPU
		{4CC7A7E8-0E01-44A5-94DA-AA7ADF63215E}.Debug|Any CPU.ActiveCfg = Debug|Any CPU
		{4CC7A7E8-0E01-44A5-94DA-AA7ADF63215E}.Debug|Any CPU.Build.0 = Debug|Any CPU
		{4CC7A7E8-0E01-44A5-94DA-AA7ADF63215E}.Release|Any CPU.ActiveCfg = Release|Any CPU
		{4CC7A7E8-0E01-44A5-94DA-AA7ADF63215E}.Release|Any CPU.Build.0 = Release|Any CPU
	EndGlobalSection
	GlobalSection(SolutionProperties) = preSolution
		HideSolutionNode = FALSE
	EndGlobalSection
	GlobalSection(ExtensibilityGlobals) = postSolution
		SolutionGuid = {858F9A67-0FE7-4C95-9DAD-1E21E0775385}
	EndGlobalSection
EndGlobal
